
Microsoft Visual Studio Solution File, Format Version 12.00
# Visual Studio 16
Project("{FAE04EC0-301F-11D3-BF4B-00C04F79EFBC}") = "Assembly-CSharp", "Assembly-CSharp.csproj", "{55B9B4D4-8BB5-94AC-8D63-CE010B0E7AB9}"
EndProject
Project("{FAE04EC0-301F-11D3-BF4B-00C04F79EFBC}") = "Assembly-CSharp-firstpass", "Assembly-CSharp-firstpass.csproj", "{4A965FF8-511E-3F09-3F22-AB0A49A5E055}"
EndProject
Project("{FAE04EC0-301F-11D3-BF4B-00C04F79EFBC}") = "Assembly-CSharp-Editor", "Assembly-CSharp-Editor.csproj", "{431083DF-7CB9-3062-9A89-8D6149DA2D8E}"
EndProject
Global
	GlobalSection(SolutionConfigurationPlatforms) = preSolution
		Debug|Any CPU = Debug|Any CPU
		Release|Any CPU = Release|Any CPU
	EndGlobalSection
	GlobalSection(ProjectConfigurationPlatforms) = postSolution
		{55B9B4D4-8BB5-94AC-8D63-CE010B0E7AB9}.Debug|Any CPU.ActiveCfg = Debug|Any CPU
		{55B9B4D4-8BB5-94AC-8D63-CE010B0E7AB9}.Debug|Any CPU.Build.0 = Debug|Any CPU
		{55B9B4D4-8BB5-94AC-8D63-CE010B0E7AB9}.Release|Any CPU.ActiveCfg = Release|Any CPU
		{55B9B4D4-8BB5-94AC-8D63-CE010B0E7AB9}.Release|Any CPU.Build.0 = Release|Any CPU
		{4A965FF8-511E-3F09-3F22-AB0A49A5E055}.Debug|Any CPU.ActiveCfg = Debug|Any CPU
		{4A965FF8-511E-3F09-3F22-AB0A49A5E055}.Debug|Any CPU.Build.0 = Debug|Any CPU
		{4A965FF8-511E-3F09-3F22-AB0A49A5E055}.Release|Any CPU.ActiveCfg = Release|Any CPU
		{4A965FF8-511E-3F09-3F22-AB0A49A5E055}.Release|Any CPU.Build.0 = Release|Any CPU
		{431083DF-7CB9-3062-9A89-8D6149DA2D8E}.Debug|Any CPU.ActiveCfg = Debug|Any CPU
		{431083DF-7CB9-3062-9A89-8D6149DA2D8E}.Debug|Any CPU.Build.0 = Debug|Any CPU
		{431083DF-7CB9-3062-9A89-8D6149DA2D8E}.Release|Any CPU.ActiveCfg = Release|Any CPU
		{431083DF-7CB9-3062-9A89-8D6149DA2D8E}.Release|Any CPU.Build.0 = Release|Any CPU
	EndGlobalSection
	GlobalSection(SolutionProperties) = preSolution
		HideSolutionNode = FALSE
	EndGlobalSection
EndGlobal
